<?xml version="1.0" encoding="utf-8"?>
<Project ToolsVersion="4.0" xmlns="http://schemas.microsoft.com/developer/msbuild/2003">
  <ItemGroup>
    <Filter Include="source files">
      <UniqueIdentifier>{4FC737F1-C7A5-4376-A066-2A32D752A2FF}</UniqueIdentifier>
      <Extensions>cpp;c;cc;cxx;def;odl;idl;hpj;bat;asm;asmx</Extensions>
    </Filter>
    <Filter Include="source files\utilities">
      <UniqueIdentifier>{90ce31c0-0cf4-4a3d-a55e-7a7fb5df09af}</UniqueIdentifier>
    </Filter>
    <Filter Include="source files\login">
      <UniqueIdentifier>{a3e9662e-f960-4a49-8c37-88976bc6c243}</UniqueIdentifier>
    </Filter>
  </ItemGroup>
  <ItemGroup>
    <ClCompile Include="loader.cpp">
      <Filter>source files</Filter>
    </ClCompile>
    <ClCompile Include="utilities\utilities.cpp">
      <Filter>source files\utilities</Filter>
    </ClCompile>
    <ClCompile Include="login\login.cpp">
      <Filter>source files\login</Filter>
    </ClCompile>
  </ItemGroup>
  <ItemGroup>
    <ClInclude Include="utilities\utilities.h">
      <Filter>source files\utilities</Filter>
    </ClInclude>
    <ClInclude Include="login\login.h">
      <Filter>source files\login</Filter>
    </ClInclude>
  </ItemGroup>
</Project>